# This file is automatically @generated by Cargo.
# It is not intended for manual editing.
[[package]]
name = "byteorder"
version = "1.3.4"
source = "registry+https://github.com/rust-lang/crates.io-index"
checksum = "08c48aae112d48ed9f069b33538ea9e3e90aa263cfa3d1c24309612b1f7472de"

[[package]]
name = "libc"
version = "0.2.81"
source = "registry+https://github.com/rust-lang/crates.io-index"
checksum = "1482821306169ec4d07f6aca392a4681f66c75c9918aa49641a2595db64053cb"

[[package]]
name = "neli"
version = "0.5.1"
source = "registry+https://github.com/rust-lang/crates.io-index"
checksum = "afe3afe34744e9f33369008c813f06020448cf959b02dac4c47b6f66780dabda"
dependencies = [
 "byteorder",
 "libc",
]

[[package]]
name = "netlink_wi"
version = "0.2.1"
dependencies = [
 "neli",
]
